name: update-flake-lock
on:
  workflow_dispatch: # allows manual triggering
# schedule:
#    - cron: '0 0 * * 0' # runs weekly on Sunday at 00:00

jobs:
  lockfile:
    runs-on: ubuntu-latest
    steps:
      - name: Checkout repository
        uses: actions/checkout@v2
      - name: Install Nix
        uses: cachix/install-nix-action@v17
        with:
          extra_nix_config: |
            access-tokens = github.com=${{ secrets.GITHUB_TOKEN }}
            trusted-public-keys = cache.srid.ca:8sQkbPrOIoXktIwI0OucQBXod2e9fDjjoEZWn8OXbdo= cache.nixos.org-1:6NCHdD59X431o0gWypbMrAURkbJ16ZPMQFGspcDShjY=
            substituters = https://cache.srid.ca https://cache.nixos.org/
      - name: Update flake.lock
        uses: DeterminateSystems/update-flake-lock@v14
        with:
          token: ${{ secrets.GH_TOKEN_FOR_UPDATES }}
          pr-title: "Update flake.lock" # Title of PR to be created
          pr-labels: | # Labels to be set on the PR
            automated
